
Microsoft Visual Studio Solution File, Format Version 12.00
# Visual Studio 2013
VisualStudioVersion = 12.0.31101.0
MinimumVisualStudioVersion = 10.0.40219.1
Project("{FAE04EC0-301F-11D3-BF4B-00C04F79EFBC}") = "Smart Plug", "Smart Plug\Smart Plug.csproj", "{555ED655-302B-4E37-9C2A-344C5F677B7B}"
EndProject
Project("{2150E333-8FDC-42A3-9474-1A3956D46DE8}") = ".nuget", ".nuget", "{BEB0F727-99D1-4D73-80A3-8CA4ED4ACB54}"
	ProjectSection(SolutionItems) = preProject
		.nuget\packages.config = .nuget\packages.config
	EndProjectSection
EndProject
Global
	GlobalSection(TeamFoundationVersionControl) = preSolution
		SccNumberOfProjects = 2
		SccEnterpriseProvider = {4CA58AB2-18FA-4F8D-95D4-32DDF27D184C}
		SccTeamFoundationServer = https://smartplug.visualstudio.com/defaultcollection
		SccLocalPath0 = .
		SccProjectUniqueName1 = Smart\u0020Plug\\Smart\u0020Plug.csproj
		SccProjectName1 = Smart\u0020Plug
		SccLocalPath1 = Smart\u0020Plug
	EndGlobalSection
	GlobalSection(SolutionConfigurationPlatforms) = preSolution
		Debug|Any CPU = Debug|Any CPU
		Release|Any CPU = Release|Any CPU
	EndGlobalSection
	GlobalSection(ProjectConfigurationPlatforms) = postSolution
		{555ED655-302B-4E37-9C2A-344C5F677B7B}.Debug|Any CPU.ActiveCfg = Debug|Any CPU
		{555ED655-302B-4E37-9C2A-344C5F677B7B}.Debug|Any CPU.Build.0 = Debug|Any CPU
		{555ED655-302B-4E37-9C2A-344C5F677B7B}.Release|Any CPU.ActiveCfg = Release|Any CPU
		{555ED655-302B-4E37-9C2A-344C5F677B7B}.Release|Any CPU.Build.0 = Release|Any CPU
	EndGlobalSection
	GlobalSection(SolutionProperties) = preSolution
		HideSolutionNode = FALSE
	EndGlobalSection
EndGlobal
